Microsoft Visual Studio Solution File, Format Version 12.00
# Visual Studio Version 17
VisualStudioVersion = 17.5.2.0
MinimumVisualStudioVersion = 10.0.40219.1
Project("{FAE04EC0-301F-11D3-BF4B-00C04F79EFBC}") = "08_While_loop", "08_While_loop.csproj", "{DE6756F9-FAD7-EAB8-0BC9-FC5C21879D9F}"
EndProject
Global
	GlobalSection(SolutionConfigurationPlatforms) = preSolution
		Debug|Any CPU = Debug|Any CPU
		Release|Any CPU = Release|Any CPU
	EndGlobalSection
	GlobalSection(ProjectConfigurationPlatforms) = postSolution
		{DE6756F9-FAD7-EAB8-0BC9-FC5C21879D9F}.Debug|Any CPU.ActiveCfg = Debug|Any CPU
		{DE6756F9-FAD7-EAB8-0BC9-FC5C21879D9F}.Debug|Any CPU.Build.0 = Debug|Any CPU
		{DE6756F9-FAD7-EAB8-0BC9-FC5C21879D9F}.Release|Any CPU.ActiveCfg = Release|Any CPU
		{DE6756F9-FAD7-EAB8-0BC9-FC5C21879D9F}.Release|Any CPU.Build.0 = Release|Any CPU
	EndGlobalSection
	GlobalSection(SolutionProperties) = preSolution
		HideSolutionNode = FALSE
	EndGlobalSection
	GlobalSection(ExtensibilityGlobals) = postSolution
		SolutionGuid = {5E8EB90A-A105-4097-9CE3-175596F9CFB9}
	EndGlobalSection
EndGlobal
