Microsoft Visual Studio Solution File, Format Version 12.00
# Visual Studio Version 17
VisualStudioVersion = 17.5.2.0
MinimumVisualStudioVersion = 10.0.40219.1
Project("{FAE04EC0-301F-11D3-BF4B-00C04F79EFBC}") = "10_numeric_formatting", "10_numeric_formatting.csproj", "{841F7DFC-C0F0-8EA6-222C-58537669EBE4}"
EndProject
Global
	GlobalSection(SolutionConfigurationPlatforms) = preSolution
		Debug|Any CPU = Debug|Any CPU
		Release|Any CPU = Release|Any CPU
	EndGlobalSection
	GlobalSection(ProjectConfigurationPlatforms) = postSolution
		{841F7DFC-C0F0-8EA6-222C-58537669EBE4}.Debug|Any CPU.ActiveCfg = Debug|Any CPU
		{841F7DFC-C0F0-8EA6-222C-58537669EBE4}.Debug|Any CPU.Build.0 = Debug|Any CPU
		{841F7DFC-C0F0-8EA6-222C-58537669EBE4}.Release|Any CPU.ActiveCfg = Release|Any CPU
		{841F7DFC-C0F0-8EA6-222C-58537669EBE4}.Release|Any CPU.Build.0 = Release|Any CPU
	EndGlobalSection
	GlobalSection(SolutionProperties) = preSolution
		HideSolutionNode = FALSE
	EndGlobalSection
	GlobalSection(ExtensibilityGlobals) = postSolution
		SolutionGuid = {7B3801C4-10D0-498F-BFF3-4EAA37483D08}
	EndGlobalSection
EndGlobal
