Microsoft Visual Studio Solution File, Format Version 12.00
# Visual Studio Version 17
VisualStudioVersion = 17.5.2.0
MinimumVisualStudioVersion = 10.0.40219.1
Project("{FAE04EC0-301F-11D3-BF4B-00C04F79EFBC}") = "09_Conditional_Operator", "09_Conditional_Operator.csproj", "{C6D221BB-2F1A-12B4-6518-8B6B5C86BD51}"
EndProject
Global
	GlobalSection(SolutionConfigurationPlatforms) = preSolution
		Debug|Any CPU = Debug|Any CPU
		Release|Any CPU = Release|Any CPU
	EndGlobalSection
	GlobalSection(ProjectConfigurationPlatforms) = postSolution
		{C6D221BB-2F1A-12B4-6518-8B6B5C86BD51}.Debug|Any CPU.ActiveCfg = Debug|Any CPU
		{C6D221BB-2F1A-12B4-6518-8B6B5C86BD51}.Debug|Any CPU.Build.0 = Debug|Any CPU
		{C6D221BB-2F1A-12B4-6518-8B6B5C86BD51}.Release|Any CPU.ActiveCfg = Release|Any CPU
		{C6D221BB-2F1A-12B4-6518-8B6B5C86BD51}.Release|Any CPU.Build.0 = Release|Any CPU
	EndGlobalSection
	GlobalSection(SolutionProperties) = preSolution
		HideSolutionNode = FALSE
	EndGlobalSection
	GlobalSection(ExtensibilityGlobals) = postSolution
		SolutionGuid = {D3D0CCDA-24D6-4218-90BC-0A29FFD6C879}
	EndGlobalSection
EndGlobal
