Microsoft Visual Studio Solution File, Format Version 12.00
# Visual Studio Version 17
VisualStudioVersion = 17.5.2.0
MinimumVisualStudioVersion = 10.0.40219.1
Project("{FAE04EC0-301F-11D3-BF4B-00C04F79EFBC}") = "03bool", "03bool.csproj", "{72F30AD4-9CE3-8EBD-04F9-B8ED0BB1D357}"
EndProject
Global
	GlobalSection(SolutionConfigurationPlatforms) = preSolution
		Debug|Any CPU = Debug|Any CPU
		Release|Any CPU = Release|Any CPU
	EndGlobalSection
	GlobalSection(ProjectConfigurationPlatforms) = postSolution
		{72F30AD4-9CE3-8EBD-04F9-B8ED0BB1D357}.Debug|Any CPU.ActiveCfg = Debug|Any CPU
		{72F30AD4-9CE3-8EBD-04F9-B8ED0BB1D357}.Debug|Any CPU.Build.0 = Debug|Any CPU
		{72F30AD4-9CE3-8EBD-04F9-B8ED0BB1D357}.Release|Any CPU.ActiveCfg = Release|Any CPU
		{72F30AD4-9CE3-8EBD-04F9-B8ED0BB1D357}.Release|Any CPU.Build.0 = Release|Any CPU
	EndGlobalSection
	GlobalSection(SolutionProperties) = preSolution
		HideSolutionNode = FALSE
	EndGlobalSection
	GlobalSection(ExtensibilityGlobals) = postSolution
		SolutionGuid = {DB70692C-ADA1-49BF-BCF6-E62A93D430C8}
	EndGlobalSection
EndGlobal
