Microsoft Visual Studio Solution File, Format Version 12.00
# Visual Studio Version 17
VisualStudioVersion = 17.5.2.0
MinimumVisualStudioVersion = 10.0.40219.1
Project("{FAE04EC0-301F-11D3-BF4B-00C04F79EFBC}") = "14_String_Methods", "14_String_Methods.csproj", "{8A310C03-A90F-552A-06CE-E9BC032A0BEC}"
EndProject
Global
	GlobalSection(SolutionConfigurationPlatforms) = preSolution
		Debug|Any CPU = Debug|Any CPU
		Release|Any CPU = Release|Any CPU
	EndGlobalSection
	GlobalSection(ProjectConfigurationPlatforms) = postSolution
		{8A310C03-A90F-552A-06CE-E9BC032A0BEC}.Debug|Any CPU.ActiveCfg = Debug|Any CPU
		{8A310C03-A90F-552A-06CE-E9BC032A0BEC}.Debug|Any CPU.Build.0 = Debug|Any CPU
		{8A310C03-A90F-552A-06CE-E9BC032A0BEC}.Release|Any CPU.ActiveCfg = Release|Any CPU
		{8A310C03-A90F-552A-06CE-E9BC032A0BEC}.Release|Any CPU.Build.0 = Release|Any CPU
	EndGlobalSection
	GlobalSection(SolutionProperties) = preSolution
		HideSolutionNode = FALSE
	EndGlobalSection
	GlobalSection(ExtensibilityGlobals) = postSolution
		SolutionGuid = {065E581A-8ADD-477C-91BF-AECC1B863F4C}
	EndGlobalSection
EndGlobal
